// !$*UTF8*$!
{
	archiveVersion = 1;
	classes = {
	};
	objectVersion = 50;
	objects = {

/* Begin PBXBuildFile section */
		5602D33E2481A76C007436C1 /* CompletionDAO.swift in Sources */ = {isa = PBXBuildFile; fileRef = 5602D33D2481A76C007436C1 /* CompletionDAO.swift */; };
		5602D3562481DAEB007436C1 /* Habit+CoreDataProperties.swift in Sources */ = {isa = PBXBuildFile; fileRef = 5602D3542481DAEB007436C1 /* Habit+CoreDataProperties.swift */; };
		560C413D2451311B00588859 /* HabitMaker.xcdatamodeld in Sources */ = {isa = PBXBuildFile; fileRef = 560C413B2451311B00588859 /* HabitMaker.xcdatamodeld */; };
		560C41462451D6A400588859 /* Habit+CoreDataClass.swift in Sources */ = {isa = PBXBuildFile; fileRef = 560C41442451D6A400588859 /* Habit+CoreDataClass.swift */; };
		560C414A2451DB1E00588859 /* CoreDataDAO.swift in Sources */ = {isa = PBXBuildFile; fileRef = 560C41492451DB1E00588859 /* CoreDataDAO.swift */; };
		560C414C2451DC3800588859 /* HabitDAO.swift in Sources */ = {isa = PBXBuildFile; fileRef = 560C414B2451DC3800588859 /* HabitDAO.swift */; };
		560E78D4244B973C00ADD546 /* AddOrEditHabitViewController.swift in Sources */ = {isa = PBXBuildFile; fileRef = 560E78D3244B973C00ADD546 /* AddOrEditHabitViewController.swift */; };
		560E78D8244BF57300ADD546 /* FormFieldTableViewCell.swift in Sources */ = {isa = PBXBuildFile; fileRef = 560E78D7244BF57300ADD546 /* FormFieldTableViewCell.swift */; };
		5642AEDC24788E04005F4358 /* AddNumericCompletionTableViewController.swift in Sources */ = {isa = PBXBuildFile; fileRef = 5642AEDB24788E04005F4358 /* AddNumericCompletionTableViewController.swift */; };
		5642AEDE2478912E005F4358 /* StepperTableViewCell.swift in Sources */ = {isa = PBXBuildFile; fileRef = 5642AEDD2478912E005F4358 /* StepperTableViewCell.swift */; };
		564628B2246B6AD90017C95E /* UITextField+Extensions.swift in Sources */ = {isa = PBXBuildFile; fileRef = 564628B1246B6AD90017C95E /* UITextField+Extensions.swift */; };
		56526782247EC31700E4060A /* FormTextViewFieldTableViewCell.swift in Sources */ = {isa = PBXBuildFile; fileRef = 56526781247EC31700E4060A /* FormTextViewFieldTableViewCell.swift */; };
		565EFCF72460BF44004CA21A /* HabitTypeSelectorTableViewController.swift in Sources */ = {isa = PBXBuildFile; fileRef = 565EFCF62460BF44004CA21A /* HabitTypeSelectorTableViewController.swift */; };
		56876E4D24492CE70041EB5C /* AppDelegate.swift in Sources */ = {isa = PBXBuildFile; fileRef = 56876E4C24492CE70041EB5C /* AppDelegate.swift */; };
		56876E4F24492CE70041EB5C /* SceneDelegate.swift in Sources */ = {isa = PBXBuildFile; fileRef = 56876E4E24492CE70041EB5C /* SceneDelegate.swift */; };
		56876E5624492CEA0041EB5C /* Assets.xcassets in Resources */ = {isa = PBXBuildFile; fileRef = 56876E5524492CEA0041EB5C /* Assets.xcassets */; };
		56876E5924492CEA0041EB5C /* LaunchScreen.storyboard in Resources */ = {isa = PBXBuildFile; fileRef = 56876E5724492CEA0041EB5C /* LaunchScreen.storyboard */; };
		56876E64244938B40041EB5C /* HabitsTableViewController.swift in Sources */ = {isa = PBXBuildFile; fileRef = 56876E63244938B40041EB5C /* HabitsTableViewController.swift */; };
		56876E69244944590041EB5C /* Date+Extensions.swift in Sources */ = {isa = PBXBuildFile; fileRef = 56876E68244944590041EB5C /* Date+Extensions.swift */; };
		56876E6B244944DF0041EB5C /* HabitTableViewCell.swift in Sources */ = {isa = PBXBuildFile; fileRef = 56876E6A244944DF0041EB5C /* HabitTableViewCell.swift */; };
		56876E6E244949040041EB5C /* Identifiable.swift in Sources */ = {isa = PBXBuildFile; fileRef = 56876E6D244949040041EB5C /* Identifiable.swift */; };
		56876E70244954E00041EB5C /* UILabel+Extensions.swift in Sources */ = {isa = PBXBuildFile; fileRef = 56876E6F244954E00041EB5C /* UILabel+Extensions.swift */; };
		5691004F2471E76900F58A7D /* GoalCriterion.swift in Sources */ = {isa = PBXBuildFile; fileRef = 5691004E2471E76900F58A7D /* GoalCriterion.swift */; };
		56963DD12454FAC500DAD05F /* MonthControl.swift in Sources */ = {isa = PBXBuildFile; fileRef = 56963DD02454FAC500DAD05F /* MonthControl.swift */; };
		56963DD324552B6700DAD05F /* DaysCollectionView.swift in Sources */ = {isa = PBXBuildFile; fileRef = 56963DD224552B6700DAD05F /* DaysCollectionView.swift */; };
		56963DD524552C0F00DAD05F /* CalendarDayCollectionViewCell.swift in Sources */ = {isa = PBXBuildFile; fileRef = 56963DD424552C0F00DAD05F /* CalendarDayCollectionViewCell.swift */; };
		56963DD72455F55A00DAD05F /* CalendarView.swift in Sources */ = {isa = PBXBuildFile; fileRef = 56963DD62455F55A00DAD05F /* CalendarView.swift */; };
		569DB5C3245FB68900EE326E /* CompletionType.swift in Sources */ = {isa = PBXBuildFile; fileRef = 569DB5C2245FB68900EE326E /* CompletionType.swift */; };
		56AD239C2454B55100F2708A /* WeekDaysStackView.swift in Sources */ = {isa = PBXBuildFile; fileRef = 56AD239B2454B55100F2708A /* WeekDaysStackView.swift */; };
		56C296DA24512B3300FFD725 /* AlertUtility.swift in Sources */ = {isa = PBXBuildFile; fileRef = 56C296D924512B3300FFD725 /* AlertUtility.swift */; };
		56C296DC24512B6B00FFD725 /* UIView+Extensions.swift in Sources */ = {isa = PBXBuildFile; fileRef = 56C296DB24512B6B00FFD725 /* UIView+Extensions.swift */; };
		56C296DE24512B8D00FFD725 /* UIDevice+Extensions.swift in Sources */ = {isa = PBXBuildFile; fileRef = 56C296DD24512B8D00FFD725 /* UIDevice+Extensions.swift */; };
		56C95E6625143B99007423BB /* LocalizableProjectStrings.swift in Sources */ = {isa = PBXBuildFile; fileRef = 56C95E6525143B99007423BB /* LocalizableProjectStrings.swift */; };
		56D07DE624983D520011FFFF /* Completion+CoreDataProperties.swift in Sources */ = {isa = PBXBuildFile; fileRef = 56D07DE524983D520011FFFF /* Completion+CoreDataProperties.swift */; };
		56DDD176245DF0DD002C737B /* Completion+CoreDataClass.swift in Sources */ = {isa = PBXBuildFile; fileRef = 56DDD173245DF0DD002C737B /* Completion+CoreDataClass.swift */; };
		56E5448C245797ED00650481 /* HabitDetailsTableViewController.swift in Sources */ = {isa = PBXBuildFile; fileRef = 56E5448B245797ED00650481 /* HabitDetailsTableViewController.swift */; };
		56E5448E24579C2000650481 /* CalendarViewTableViewCell.swift in Sources */ = {isa = PBXBuildFile; fileRef = 56E5448D24579C2000650481 /* CalendarViewTableViewCell.swift */; };
		56E635D22456328A001E4105 /* UIImage+Extensions.swift in Sources */ = {isa = PBXBuildFile; fileRef = 56E635D12456328A001E4105 /* UIImage+Extensions.swift */; };
		56E635D52456465A001E4105 /* UIColor+Extensions.swift in Sources */ = {isa = PBXBuildFile; fileRef = 56E635D42456465A001E4105 /* UIColor+Extensions.swift */; };
		56F02B44249300F30076D1CC /* Collection+Extensions.swift in Sources */ = {isa = PBXBuildFile; fileRef = 56F02B43249300F30076D1CC /* Collection+Extensions.swift */; };
		56F991D325128F2E003CEE01 /* Localizable.swift in Sources */ = {isa = PBXBuildFile; fileRef = 56F991D225128F2E003CEE01 /* Localizable.swift */; };
		56F991D625128FD5003CEE01 /* Localizable.strings in Resources */ = {isa = PBXBuildFile; fileRef = 56F991D825128FD5003CEE01 /* Localizable.strings */; };
		56FC848C249A670B0041C61B /* GenericRow.swift in Sources */ = {isa = PBXBuildFile; fileRef = 56FC848B249A670B0041C61B /* GenericRow.swift */; };
		56FC8490249A75140041C61B /* PickerViewPresenter.swift in Sources */ = {isa = PBXBuildFile; fileRef = 56FC848F249A75140041C61B /* PickerViewPresenter.swift */; };
/* End PBXBuildFile section */

/* Begin PBXFileReference section */
		5602D33D2481A76C007436C1 /* CompletionDAO.swift */ = {isa = PBXFileReference; lastKnownFileType = sourcecode.swift; path = CompletionDAO.swift; sourceTree = "<group>"; };
		5602D3542481DAEB007436C1 /* Habit+CoreDataProperties.swift */ = {isa = PBXFileReference; lastKnownFileType = sourcecode.swift; path = "Habit+CoreDataProperties.swift"; sourceTree = "<group>"; };
		560C413C2451311B00588859 /* HabitMaker.xcdatamodel */ = {isa = PBXFileReference; lastKnownFileType = wrapper.xcdatamodel; path = HabitMaker.xcdatamodel; sourceTree = "<group>"; };
		560C41442451D6A400588859 /* Habit+CoreDataClass.swift */ = {isa = PBXFileReference; lastKnownFileType = sourcecode.swift; path = "Habit+CoreDataClass.swift"; sourceTree = "<group>"; };
		560C41492451DB1E00588859 /* CoreDataDAO.swift */ = {isa = PBXFileReference; lastKnownFileType = sourcecode.swift; path = CoreDataDAO.swift; sourceTree = "<group>"; };
		560C414B2451DC3800588859 /* HabitDAO.swift */ = {isa = PBXFileReference; lastKnownFileType = sourcecode.swift; path = HabitDAO.swift; sourceTree = "<group>"; };
		560E78D3244B973C00ADD546 /* AddOrEditHabitViewController.swift */ = {isa = PBXFileReference; lastKnownFileType = sourcecode.swift; path = AddOrEditHabitViewController.swift; sourceTree = "<group>"; };
		560E78D7244BF57300ADD546 /* FormFieldTableViewCell.swift */ = {isa = PBXFileReference; lastKnownFileType = sourcecode.swift; path = FormFieldTableViewCell.swift; sourceTree = "<group>"; };
		5642AEDB24788E04005F4358 /* AddNumericCompletionTableViewController.swift */ = {isa = PBXFileReference; lastKnownFileType = sourcecode.swift; path = AddNumericCompletionTableViewController.swift; sourceTree = "<group>"; };
		5642AEDD2478912E005F4358 /* StepperTableViewCell.swift */ = {isa = PBXFileReference; lastKnownFileType = sourcecode.swift; path = StepperTableViewCell.swift; sourceTree = "<group>"; };
		564628B1246B6AD90017C95E /* UITextField+Extensions.swift */ = {isa = PBXFileReference; lastKnownFileType = sourcecode.swift; path = "UITextField+Extensions.swift"; sourceTree = "<group>"; };
		56526781247EC31700E4060A /* FormTextViewFieldTableViewCell.swift */ = {isa = PBXFileReference; lastKnownFileType = sourcecode.swift; path = FormTextViewFieldTableViewCell.swift; sourceTree = "<group>"; };
		565EFCF62460BF44004CA21A /* HabitTypeSelectorTableViewController.swift */ = {isa = PBXFileReference; lastKnownFileType = sourcecode.swift; path = HabitTypeSelectorTableViewController.swift; sourceTree = "<group>"; };
		56876E4924492CE70041EB5C /* HabitMaker.app */ = {isa = PBXFileReference; explicitFileType = wrapper.application; includeInIndex = 0; path = HabitMaker.app; sourceTree = BUILT_PRODUCTS_DIR; };
		56876E4C24492CE70041EB5C /* AppDelegate.swift */ = {isa = PBXFileReference; lastKnownFileType = sourcecode.swift; path = AppDelegate.swift; sourceTree = "<group>"; };
		56876E4E24492CE70041EB5C /* SceneDelegate.swift */ = {isa = PBXFileReference; lastKnownFileType = sourcecode.swift; path = SceneDelegate.swift; sourceTree = "<group>"; };
		56876E5524492CEA0041EB5C /* Assets.xcassets */ = {isa = PBXFileReference; lastKnownFileType = folder.assetcatalog; path = Assets.xcassets; sourceTree = "<group>"; };
		56876E5824492CEA0041EB5C /* Base */ = {isa = PBXFileReference; lastKnownFileType = file.storyboard; name = Base; path = Base.lproj/LaunchScreen.storyboard; sourceTree = "<group>"; };
		56876E5A24492CEA0041EB5C /* Info.plist */ = {isa = PBXFileReference; lastKnownFileType = text.plist.xml; path = Info.plist; sourceTree = "<group>"; };
		56876E63244938B40041EB5C /* HabitsTableViewController.swift */ = {isa = PBXFileReference; lastKnownFileType = sourcecode.swift; path = HabitsTableViewController.swift; sourceTree = "<group>"; };
		56876E68244944590041EB5C /* Date+Extensions.swift */ = {isa = PBXFileReference; lastKnownFileType = sourcecode.swift; path = "Date+Extensions.swift"; sourceTree = "<group>"; };
		56876E6A244944DF0041EB5C /* HabitTableViewCell.swift */ = {isa = PBXFileReference; lastKnownFileType = sourcecode.swift; path = HabitTableViewCell.swift; sourceTree = "<group>"; };
		56876E6D244949040041EB5C /* Identifiable.swift */ = {isa = PBXFileReference; lastKnownFileType = sourcecode.swift; path = Identifiable.swift; sourceTree = "<group>"; };
		56876E6F244954E00041EB5C /* UILabel+Extensions.swift */ = {isa = PBXFileReference; lastKnownFileType = sourcecode.swift; path = "UILabel+Extensions.swift"; sourceTree = "<group>"; };
		5691004E2471E76900F58A7D /* GoalCriterion.swift */ = {isa = PBXFileReference; lastKnownFileType = sourcecode.swift; path = GoalCriterion.swift; sourceTree = "<group>"; };
		56963DD02454FAC500DAD05F /* MonthControl.swift */ = {isa = PBXFileReference; lastKnownFileType = sourcecode.swift; path = MonthControl.swift; sourceTree = "<group>"; };
		56963DD224552B6700DAD05F /* DaysCollectionView.swift */ = {isa = PBXFileReference; lastKnownFileType = sourcecode.swift; path = DaysCollectionView.swift; sourceTree = "<group>"; };
		56963DD424552C0F00DAD05F /* CalendarDayCollectionViewCell.swift */ = {isa = PBXFileReference; lastKnownFileType = sourcecode.swift; path = CalendarDayCollectionViewCell.swift; sourceTree = "<group>"; };
		56963DD62455F55A00DAD05F /* CalendarView.swift */ = {isa = PBXFileReference; lastKnownFileType = sourcecode.swift; path = CalendarView.swift; sourceTree = "<group>"; };
		569DB5C2245FB68900EE326E /* CompletionType.swift */ = {isa = PBXFileReference; lastKnownFileType = sourcecode.swift; path = CompletionType.swift; sourceTree = "<group>"; };
		56AD239B2454B55100F2708A /* WeekDaysStackView.swift */ = {isa = PBXFileReference; lastKnownFileType = sourcecode.swift; path = WeekDaysStackView.swift; sourceTree = "<group>"; };
		56C296D924512B3300FFD725 /* AlertUtility.swift */ = {isa = PBXFileReference; lastKnownFileType = sourcecode.swift; path = AlertUtility.swift; sourceTree = "<group>"; };
		56C296DB24512B6B00FFD725 /* UIView+Extensions.swift */ = {isa = PBXFileReference; lastKnownFileType = sourcecode.swift; path = "UIView+Extensions.swift"; sourceTree = "<group>"; };
		56C296DD24512B8D00FFD725 /* UIDevice+Extensions.swift */ = {isa = PBXFileReference; lastKnownFileType = sourcecode.swift; path = "UIDevice+Extensions.swift"; sourceTree = "<group>"; };
		56C95E6525143B99007423BB /* LocalizableProjectStrings.swift */ = {isa = PBXFileReference; lastKnownFileType = sourcecode.swift; path = LocalizableProjectStrings.swift; sourceTree = "<group>"; };
		56D07DE524983D520011FFFF /* Completion+CoreDataProperties.swift */ = {isa = PBXFileReference; lastKnownFileType = sourcecode.swift; path = "Completion+CoreDataProperties.swift"; sourceTree = "<group>"; };
		56DDD173245DF0DD002C737B /* Completion+CoreDataClass.swift */ = {isa = PBXFileReference; lastKnownFileType = sourcecode.swift; path = "Completion+CoreDataClass.swift"; sourceTree = "<group>"; };
		56E5448B245797ED00650481 /* HabitDetailsTableViewController.swift */ = {isa = PBXFileReference; lastKnownFileType = sourcecode.swift; path = HabitDetailsTableViewController.swift; sourceTree = "<group>"; };
		56E5448D24579C2000650481 /* CalendarViewTableViewCell.swift */ = {isa = PBXFileReference; lastKnownFileType = sourcecode.swift; path = CalendarViewTableViewCell.swift; sourceTree = "<group>"; };
		56E635D12456328A001E4105 /* UIImage+Extensions.swift */ = {isa = PBXFileReference; lastKnownFileType = sourcecode.swift; path = "UIImage+Extensions.swift"; sourceTree = "<group>"; };
		56E635D42456465A001E4105 /* UIColor+Extensions.swift */ = {isa = PBXFileReference; lastKnownFileType = sourcecode.swift; path = "UIColor+Extensions.swift"; sourceTree = "<group>"; };
		56F02B43249300F30076D1CC /* Collection+Extensions.swift */ = {isa = PBXFileReference; lastKnownFileType = sourcecode.swift; path = "Collection+Extensions.swift"; sourceTree = "<group>"; };
		56F991D225128F2E003CEE01 /* Localizable.swift */ = {isa = PBXFileReference; lastKnownFileType = sourcecode.swift; path = Localizable.swift; sourceTree = "<group>"; };
		56F991D725128FD5003CEE01 /* en */ = {isa = PBXFileReference; lastKnownFileType = text.plist.strings; name = en; path = en.lproj/Localizable.strings; sourceTree = "<group>"; };
		56F991D925128FF7003CEE01 /* pt-BR */ = {isa = PBXFileReference; lastKnownFileType = text.plist.strings; name = "pt-BR"; path = "pt-BR.lproj/LaunchScreen.strings"; sourceTree = "<group>"; };
		56F991DA25128FF7003CEE01 /* pt-BR */ = {isa = PBXFileReference; lastKnownFileType = text.plist.strings; name = "pt-BR"; path = "pt-BR.lproj/Localizable.strings"; sourceTree = "<group>"; };
		56FC848B249A670B0041C61B /* GenericRow.swift */ = {isa = PBXFileReference; lastKnownFileType = sourcecode.swift; path = GenericRow.swift; sourceTree = "<group>"; };
		56FC848F249A75140041C61B /* PickerViewPresenter.swift */ = {isa = PBXFileReference; lastKnownFileType = sourcecode.swift; path = PickerViewPresenter.swift; sourceTree = "<group>"; };
/* End PBXFileReference section */

/* Begin PBXFrameworksBuildPhase section */
		56876E4624492CE70041EB5C /* Frameworks */ = {
			isa = PBXFrameworksBuildPhase;
			buildActionMask = 2147483647;
			files = (
			);
			runOnlyForDeploymentPostprocessing = 0;
		};
/* End PBXFrameworksBuildPhase section */

/* Begin PBXGroup section */
		560C41482451DB0E00588859 /* DAO */ = {
			isa = PBXGroup;
			children = (
				560C41492451DB1E00588859 /* CoreDataDAO.swift */,
				560C414B2451DC3800588859 /* HabitDAO.swift */,
				5602D33D2481A76C007436C1 /* CompletionDAO.swift */,
			);
			path = DAO;
			sourceTree = "<group>";
		};
		560E78CE244B87AE00ADD546 /* tableViewCells */ = {
			isa = PBXGroup;
			children = (
				56876E6A244944DF0041EB5C /* HabitTableViewCell.swift */,
				560E78D7244BF57300ADD546 /* FormFieldTableViewCell.swift */,
				56526781247EC31700E4060A /* FormTextViewFieldTableViewCell.swift */,
				56E5448D24579C2000650481 /* CalendarViewTableViewCell.swift */,
				5642AEDD2478912E005F4358 /* StepperTableViewCell.swift */,
			);
			path = tableViewCells;
			sourceTree = "<group>";
		};
		56876E4024492CE70041EB5C = {
			isa = PBXGroup;
			children = (
				56876E4B24492CE70041EB5C /* HabitMaker */,
				56876E4A24492CE70041EB5C /* Products */,
			);
			sourceTree = "<group>";
		};
		56876E4A24492CE70041EB5C /* Products */ = {
			isa = PBXGroup;
			children = (
				56876E4924492CE70041EB5C /* HabitMaker.app */,
			);
			name = Products;
			sourceTree = "<group>";
		};
		56876E4B24492CE70041EB5C /* HabitMaker */ = {
			isa = PBXGroup;
			children = (
				56876E5A24492CEA0041EB5C /* Info.plist */,
				56876E4C24492CE70041EB5C /* AppDelegate.swift */,
				56876E4E24492CE70041EB5C /* SceneDelegate.swift */,
				56876E5524492CEA0041EB5C /* Assets.xcassets */,
				560C413B2451311B00588859 /* HabitMaker.xcdatamodeld */,
				56876E5724492CEA0041EB5C /* LaunchScreen.storyboard */,
				56876E62244937880041EB5C /* controller */,
				56876E652449442F0041EB5C /* extension */,
				56876E60244937800041EB5C /* model */,
				56876E6C244948090041EB5C /* util */,
				56876E61244937850041EB5C /* view */,
			);
			path = HabitMaker;
			sourceTree = "<group>";
		};
		56876E60244937800041EB5C /* model */ = {
			isa = PBXGroup;
			children = (
				560C41482451DB0E00588859 /* DAO */,
				56DDD173245DF0DD002C737B /* Completion+CoreDataClass.swift */,
				56D07DE524983D520011FFFF /* Completion+CoreDataProperties.swift */,
				569DB5C2245FB68900EE326E /* CompletionType.swift */,
				5691004E2471E76900F58A7D /* GoalCriterion.swift */,
				560C41442451D6A400588859 /* Habit+CoreDataClass.swift */,
				5602D3542481DAEB007436C1 /* Habit+CoreDataProperties.swift */,
			);
			path = model;
			sourceTree = "<group>";
		};
		56876E61244937850041EB5C /* view */ = {
			isa = PBXGroup;
			children = (
				5692971D246B5D3B00B58D0F /* PickerView */,
				56AD239A2454B53F00F2708A /* Calendar */,
				560E78CE244B87AE00ADD546 /* tableViewCells */,
			);
			path = view;
			sourceTree = "<group>";
		};
		56876E62244937880041EB5C /* controller */ = {
			isa = PBXGroup;
			children = (
				56876E63244938B40041EB5C /* HabitsTableViewController.swift */,
				560E78D3244B973C00ADD546 /* AddOrEditHabitViewController.swift */,
				56E5448B245797ED00650481 /* HabitDetailsTableViewController.swift */,
				565EFCF62460BF44004CA21A /* HabitTypeSelectorTableViewController.swift */,
				5642AEDB24788E04005F4358 /* AddNumericCompletionTableViewController.swift */,
			);
			path = controller;
			sourceTree = "<group>";
		};
		56876E652449442F0041EB5C /* extension */ = {
			isa = PBXGroup;
			children = (
				56876E68244944590041EB5C /* Date+Extensions.swift */,
				56876E6F244954E00041EB5C /* UILabel+Extensions.swift */,
				56C296DB24512B6B00FFD725 /* UIView+Extensions.swift */,
				56C296DD24512B8D00FFD725 /* UIDevice+Extensions.swift */,
				56E635D12456328A001E4105 /* UIImage+Extensions.swift */,
				56E635D42456465A001E4105 /* UIColor+Extensions.swift */,
				564628B1246B6AD90017C95E /* UITextField+Extensions.swift */,
				56F02B43249300F30076D1CC /* Collection+Extensions.swift */,
			);
			path = extension;
			sourceTree = "<group>";
		};
		56876E6C244948090041EB5C /* util */ = {
			isa = PBXGroup;
			children = (
				56F991D125128F13003CEE01 /* Localizable */,
				56876E6D244949040041EB5C /* Identifiable.swift */,
				56C296D924512B3300FFD725 /* AlertUtility.swift */,
			);
			path = util;
			sourceTree = "<group>";
		};
		5692971D246B5D3B00B58D0F /* PickerView */ = {
			isa = PBXGroup;
			children = (
				56FC848B249A670B0041C61B /* GenericRow.swift */,
				56FC848F249A75140041C61B /* PickerViewPresenter.swift */,
			);
			path = PickerView;
			sourceTree = "<group>";
		};
		56AD239A2454B53F00F2708A /* Calendar */ = {
			isa = PBXGroup;
			children = (
				56963DD02454FAC500DAD05F /* MonthControl.swift */,
				56AD239B2454B55100F2708A /* WeekDaysStackView.swift */,
				56963DD224552B6700DAD05F /* DaysCollectionView.swift */,
				56963DD424552C0F00DAD05F /* CalendarDayCollectionViewCell.swift */,
				56963DD62455F55A00DAD05F /* CalendarView.swift */,
			);
			path = Calendar;
			sourceTree = "<group>";
		};
		56F991D125128F13003CEE01 /* Localizable */ = {
			isa = PBXGroup;
			children = (
				56F991D225128F2E003CEE01 /* Localizable.swift */,
				56F991D825128FD5003CEE01 /* Localizable.strings */,
				56C95E6525143B99007423BB /* LocalizableProjectStrings.swift */,
			);
			path = Localizable;
			sourceTree = "<group>";
		};
/* End PBXGroup section */

/* Begin PBXNativeTarget section */
		56876E4824492CE70041EB5C /* HabitMaker */ = {
			isa = PBXNativeTarget;
			buildConfigurationList = 56876E5D24492CEA0041EB5C /* Build configuration list for PBXNativeTarget "HabitMaker" */;
			buildPhases = (
				56876E4524492CE70041EB5C /* Sources */,
				56876E4624492CE70041EB5C /* Frameworks */,
				56876E4724492CE70041EB5C /* Resources */,
			);
			buildRules = (
			);
			dependencies = (
			);
			name = HabitMaker;
			productName = HabitMaker;
			productReference = 56876E4924492CE70041EB5C /* HabitMaker.app */;
			productType = "com.apple.product-type.application";
		};
/* End PBXNativeTarget section */

/* Begin PBXProject section */
		56876E4124492CE70041EB5C /* Project object */ = {
			isa = PBXProject;
			attributes = {
				LastSwiftUpdateCheck = 1140;
				LastUpgradeCheck = 1200;
				ORGANIZATIONNAME = "Bruno Cardoso Ambrosio";
				TargetAttributes = {
					56876E4824492CE70041EB5C = {
						CreatedOnToolsVersion = 11.4.1;
					};
				};
			};
			buildConfigurationList = 56876E4424492CE70041EB5C /* Build configuration list for PBXProject "HabitMaker" */;
			compatibilityVersion = "Xcode 9.3";
			developmentRegion = en;
			hasScannedForEncodings = 0;
			knownRegions = (
				en,
				Base,
				"pt-BR",
			);
			mainGroup = 56876E4024492CE70041EB5C;
			productRefGroup = 56876E4A24492CE70041EB5C /* Products */;
			projectDirPath = "";
			projectRoot = "";
			targets = (
				56876E4824492CE70041EB5C /* HabitMaker */,
			);
		};
/* End PBXProject section */

/* Begin PBXResourcesBuildPhase section */
		56876E4724492CE70041EB5C /* Resources */ = {
			isa = PBXResourcesBuildPhase;
			buildActionMask = 2147483647;
			files = (
				56876E5924492CEA0041EB5C /* LaunchScreen.storyboard in Resources */,
				56F991D625128FD5003CEE01 /* Localizable.strings in Resources */,
				56876E5624492CEA0041EB5C /* Assets.xcassets in Resources */,
			);
			runOnlyForDeploymentPostprocessing = 0;
		};
/* End PBXResourcesBuildPhase section */

/* Begin PBXSourcesBuildPhase section */
		56876E4524492CE70041EB5C /* Sources */ = {
			isa = PBXSourcesBuildPhase;
			buildActionMask = 2147483647;
			files = (
				56FC848C249A670B0041C61B /* GenericRow.swift in Sources */,
				569DB5C3245FB68900EE326E /* CompletionType.swift in Sources */,
				56E635D52456465A001E4105 /* UIColor+Extensions.swift in Sources */,
				56876E70244954E00041EB5C /* UILabel+Extensions.swift in Sources */,
				56876E64244938B40041EB5C /* HabitsTableViewController.swift in Sources */,
				56876E4D24492CE70041EB5C /* AppDelegate.swift in Sources */,
				56AD239C2454B55100F2708A /* WeekDaysStackView.swift in Sources */,
				56DDD176245DF0DD002C737B /* Completion+CoreDataClass.swift in Sources */,
				560C414A2451DB1E00588859 /* CoreDataDAO.swift in Sources */,
				560C41462451D6A400588859 /* Habit+CoreDataClass.swift in Sources */,
				5602D33E2481A76C007436C1 /* CompletionDAO.swift in Sources */,
				5642AEDC24788E04005F4358 /* AddNumericCompletionTableViewController.swift in Sources */,
				5691004F2471E76900F58A7D /* GoalCriterion.swift in Sources */,
				5642AEDE2478912E005F4358 /* StepperTableViewCell.swift in Sources */,
				56C296DA24512B3300FFD725 /* AlertUtility.swift in Sources */,
				564628B2246B6AD90017C95E /* UITextField+Extensions.swift in Sources */,
				56963DD524552C0F00DAD05F /* CalendarDayCollectionViewCell.swift in Sources */,
				56C296DC24512B6B00FFD725 /* UIView+Extensions.swift in Sources */,
				560C414C2451DC3800588859 /* HabitDAO.swift in Sources */,
				56876E69244944590041EB5C /* Date+Extensions.swift in Sources */,
				5602D3562481DAEB007436C1 /* Habit+CoreDataProperties.swift in Sources */,
				56876E6E244949040041EB5C /* Identifiable.swift in Sources */,
				56F02B44249300F30076D1CC /* Collection+Extensions.swift in Sources */,
				56963DD324552B6700DAD05F /* DaysCollectionView.swift in Sources */,
				56FC8490249A75140041C61B /* PickerViewPresenter.swift in Sources */,
				56C296DE24512B8D00FFD725 /* UIDevice+Extensions.swift in Sources */,
				56963DD12454FAC500DAD05F /* MonthControl.swift in Sources */,
				56526782247EC31700E4060A /* FormTextViewFieldTableViewCell.swift in Sources */,
				565EFCF72460BF44004CA21A /* HabitTypeSelectorTableViewController.swift in Sources */,
				56D07DE624983D520011FFFF /* Completion+CoreDataProperties.swift in Sources */,
				560E78D4244B973C00ADD546 /* AddOrEditHabitViewController.swift in Sources */,
				56876E6B244944DF0041EB5C /* HabitTableViewCell.swift in Sources */,
				560C413D2451311B00588859 /* HabitMaker.xcdatamodeld in Sources */,
				56E5448E24579C2000650481 /* CalendarViewTableViewCell.swift in Sources */,
				56C95E6625143B99007423BB /* LocalizableProjectStrings.swift in Sources */,
				56E5448C245797ED00650481 /* HabitDetailsTableViewController.swift in Sources */,
				560E78D8244BF57300ADD546 /* FormFieldTableViewCell.swift in Sources */,
				56E635D22456328A001E4105 /* UIImage+Extensions.swift in Sources */,
				56F991D325128F2E003CEE01 /* Localizable.swift in Sources */,
				56876E4F24492CE70041EB5C /* SceneDelegate.swift in Sources */,
				56963DD72455F55A00DAD05F /* CalendarView.swift in Sources */,
			);
			runOnlyForDeploymentPostprocessing = 0;
		};
/* End PBXSourcesBuildPhase section */

/* Begin PBXVariantGroup section */
		56876E5724492CEA0041EB5C /* LaunchScreen.storyboard */ = {
			isa = PBXVariantGroup;
			children = (
				56876E5824492CEA0041EB5C /* Base */,
				56F991D925128FF7003CEE01 /* pt-BR */,
			);
			name = LaunchScreen.storyboard;
			sourceTree = "<group>";
		};
		56F991D825128FD5003CEE01 /* Localizable.strings */ = {
			isa = PBXVariantGroup;
			children = (
				56F991D725128FD5003CEE01 /* en */,
				56F991DA25128FF7003CEE01 /* pt-BR */,
			);
			name = Localizable.strings;
			sourceTree = "<group>";
		};
/* End PBXVariantGroup section */

/* Begin XCBuildConfiguration section */
		56876E5B24492CEA0041EB5C /* Debug */ = {
			isa = XCBuildConfiguration;
			buildSettings = {
				ALWAYS_SEARCH_USER_PATHS = NO;
				CLANG_ANALYZER_LOCALIZABILITY_NONLOCALIZED = YES;
				CLANG_ANALYZER_NONNULL = YES;
				CLANG_ANALYZER_NUMBER_OBJECT_CONVERSION = YES_AGGRESSIVE;
				CLANG_CXX_LANGUAGE_STANDARD = "gnu++14";
				CLANG_CXX_LIBRARY = "libc++";
				CLANG_ENABLE_MODULES = YES;
				CLANG_ENABLE_OBJC_ARC = YES;
				CLANG_ENABLE_OBJC_WEAK = YES;
				CLANG_WARN_BLOCK_CAPTURE_AUTORELEASING = YES;
				CLANG_WARN_BOOL_CONVERSION = YES;
				CLANG_WARN_COMMA = YES;
				CLANG_WARN_CONSTANT_CONVERSION = YES;
				CLANG_WARN_DEPRECATED_OBJC_IMPLEMENTATIONS = YES;
				CLANG_WARN_DIRECT_OBJC_ISA_USAGE = YES_ERROR;
				CLANG_WARN_DOCUMENTATION_COMMENTS = YES;
				CLANG_WARN_EMPTY_BODY = YES;
				CLANG_WARN_ENUM_CONVERSION = YES;
				CLANG_WARN_INFINITE_RECURSION = YES;
				CLANG_WARN_INT_CONVERSION = YES;
				CLANG_WARN_NON_LITERAL_NULL_CONVERSION = YES;
				CLANG_WARN_OBJC_IMPLICIT_RETAIN_SELF = YES;
				CLANG_WARN_OBJC_LITERAL_CONVERSION = YES;
				CLANG_WARN_OBJC_ROOT_CLASS = YES_ERROR;
				CLANG_WARN_QUOTED_INCLUDE_IN_FRAMEWORK_HEADER = YES;
				CLANG_WARN_RANGE_LOOP_ANALYSIS = YES;
				CLANG_WARN_STRICT_PROTOTYPES = YES;
				CLANG_WARN_SUSPICIOUS_MOVE = YES;
				CLANG_WARN_UNGUARDED_AVAILABILITY = YES_AGGRESSIVE;
				CLANG_WARN_UNREACHABLE_CODE = YES;
				CLANG_WARN__DUPLICATE_METHOD_MATCH = YES;
				COPY_PHASE_STRIP = NO;
				DEBUG_INFORMATION_FORMAT = dwarf;
				ENABLE_STRICT_OBJC_MSGSEND = YES;
				ENABLE_TESTABILITY = YES;
				GCC_C_LANGUAGE_STANDARD = gnu11;
				GCC_DYNAMIC_NO_PIC = NO;
				GCC_NO_COMMON_BLOCKS = YES;
				GCC_OPTIMIZATION_LEVEL = 0;
				GCC_PREPROCESSOR_DEFINITIONS = (
					"DEBUG=1",
					"$(inherited)",
				);
				GCC_WARN_64_TO_32_BIT_CONVERSION = YES;
				GCC_WARN_ABOUT_RETURN_TYPE = YES_ERROR;
				GCC_WARN_UNDECLARED_SELECTOR = YES;
				GCC_WARN_UNINITIALIZED_AUTOS = YES_AGGRESSIVE;
				GCC_WARN_UNUSED_FUNCTION = YES;
				GCC_WARN_UNUSED_VARIABLE = YES;
				IPHONEOS_DEPLOYMENT_TARGET = 13.4;
				MTL_ENABLE_DEBUG_INFO = INCLUDE_SOURCE;
				MTL_FAST_MATH = YES;
				ONLY_ACTIVE_ARCH = YES;
				SDKROOT = iphoneos;
				SWIFT_ACTIVE_COMPILATION_CONDITIONS = DEBUG;
				SWIFT_OPTIMIZATION_LEVEL = "-Onone";
			};
			name = Debug;
		};
		56876E5C24492CEA0041EB5C /* Release */ = {
			isa = XCBuildConfiguration;
			buildSettings = {
				ALWAYS_SEARCH_USER_PATHS = NO;
				CLANG_ANALYZER_LOCALIZABILITY_NONLOCALIZED = YES;
				CLANG_ANALYZER_NONNULL = YES;
				CLANG_ANALYZER_NUMBER_OBJECT_CONVERSION = YES_AGGRESSIVE;
				CLANG_CXX_LANGUAGE_STANDARD = "gnu++14";
				CLANG_CXX_LIBRARY = "libc++";
				CLANG_ENABLE_MODULES = YES;
				CLANG_ENABLE_OBJC_ARC = YES;
				CLANG_ENABLE_OBJC_WEAK = YES;
				CLANG_WARN_BLOCK_CAPTURE_AUTORELEASING = YES;
				CLANG_WARN_BOOL_CONVERSION = YES;
				CLANG_WARN_COMMA = YES;
				CLANG_WARN_CONSTANT_CONVERSION = YES;
				CLANG_WARN_DEPRECATED_OBJC_IMPLEMENTATIONS = YES;
				CLANG_WARN_DIRECT_OBJC_ISA_USAGE = YES_ERROR;
				CLANG_WARN_DOCUMENTATION_COMMENTS = YES;
				CLANG_WARN_EMPTY_BODY = YES;
				CLANG_WARN_ENUM_CONVERSION = YES;
				CLANG_WARN_INFINITE_RECURSION = YES;
				CLANG_WARN_INT_CONVERSION = YES;
				CLANG_WARN_NON_LITERAL_NULL_CONVERSION = YES;
				CLANG_WARN_OBJC_IMPLICIT_RETAIN_SELF = YES;
				CLANG_WARN_OBJC_LITERAL_CONVERSION = YES;
				CLANG_WARN_OBJC_ROOT_CLASS = YES_ERROR;
				CLANG_WARN_QUOTED_INCLUDE_IN_FRAMEWORK_HEADER = YES;
				CLANG_WARN_RANGE_LOOP_ANALYSIS = YES;
				CLANG_WARN_STRICT_PROTOTYPES = YES;
				CLANG_WARN_SUSPICIOUS_MOVE = YES;
				CLANG_WARN_UNGUARDED_AVAILABILITY = YES_AGGRESSIVE;
				CLANG_WARN_UNREACHABLE_CODE = YES;
				CLANG_WARN__DUPLICATE_METHOD_MATCH = YES;
				COPY_PHASE_STRIP = NO;
				DEBUG_INFORMATION_FORMAT = "dwarf-with-dsym";
				ENABLE_NS_ASSERTIONS = NO;
				ENABLE_STRICT_OBJC_MSGSEND = YES;
				GCC_C_LANGUAGE_STANDARD = gnu11;
				GCC_NO_COMMON_BLOCKS = YES;
				GCC_WARN_64_TO_32_BIT_CONVERSION = YES;
				GCC_WARN_ABOUT_RETURN_TYPE = YES_ERROR;
				GCC_WARN_UNDECLARED_SELECTOR = YES;
				GCC_WARN_UNINITIALIZED_AUTOS = YES_AGGRESSIVE;
				GCC_WARN_UNUSED_FUNCTION = YES;
				GCC_WARN_UNUSED_VARIABLE = YES;
				IPHONEOS_DEPLOYMENT_TARGET = 13.4;
				MTL_ENABLE_DEBUG_INFO = NO;
				MTL_FAST_MATH = YES;
				SDKROOT = iphoneos;
				SWIFT_COMPILATION_MODE = wholemodule;
				SWIFT_OPTIMIZATION_LEVEL = "-O";
				VALIDATE_PRODUCT = YES;
			};
			name = Release;
		};
		56876E5E24492CEA0041EB5C /* Debug */ = {
			isa = XCBuildConfiguration;
			buildSettings = {
				ASSETCATALOG_COMPILER_APPICON_NAME = AppIcon;
				CODE_SIGN_STYLE = Automatic;
				DEVELOPMENT_TEAM = GJUSD98938;
				INFOPLIST_FILE = HabitMaker/Info.plist;
				IPHONEOS_DEPLOYMENT_TARGET = 13.0;
				LD_RUNPATH_SEARCH_PATHS = (
					"$(inherited)",
					"@executable_path/Frameworks",
				);
				PRODUCT_BUNDLE_IDENTIFIER = ca.bruno.HabitMaker;
				PRODUCT_NAME = "$(TARGET_NAME)";
				SWIFT_VERSION = 5.0;
				TARGETED_DEVICE_FAMILY = "1,2";
			};
			name = Debug;
		};
		56876E5F24492CEA0041EB5C /* Release */ = {
			isa = XCBuildConfiguration;
			buildSettings = {
				ASSETCATALOG_COMPILER_APPICON_NAME = AppIcon;
				CODE_SIGN_STYLE = Automatic;
				DEVELOPMENT_TEAM = GJUSD98938;
				INFOPLIST_FILE = HabitMaker/Info.plist;
				IPHONEOS_DEPLOYMENT_TARGET = 13.0;
				LD_RUNPATH_SEARCH_PATHS = (
					"$(inherited)",
					"@executable_path/Frameworks",
				);
				PRODUCT_BUNDLE_IDENTIFIER = ca.bruno.HabitMaker;
				PRODUCT_NAME = "$(TARGET_NAME)";
				SWIFT_VERSION = 5.0;
				TARGETED_DEVICE_FAMILY = "1,2";
			};
			name = Release;
		};
/* End XCBuildConfiguration section */

/* Begin XCConfigurationList section */
		56876E4424492CE70041EB5C /* Build configuration list for PBXProject "HabitMaker" */ = {
			isa = XCConfigurationList;
			buildConfigurations = (
				56876E5B24492CEA0041EB5C /* Debug */,
				56876E5C24492CEA0041EB5C /* Release */,
			);
			defaultConfigurationIsVisible = 0;
			defaultConfigurationName = Release;
		};
		56876E5D24492CEA0041EB5C /* Build configuration list for PBXNativeTarget "HabitMaker" */ = {
			isa = XCConfigurationList;
			buildConfigurations = (
				56876E5E24492CEA0041EB5C /* Debug */,
				56876E5F24492CEA0041EB5C /* Release */,
			);
			defaultConfigurationIsVisible = 0;
			defaultConfigurationName = Release;
		};
/* End XCConfigurationList section */

/* Begin XCVersionGroup section */
		560C413B2451311B00588859 /* HabitMaker.xcdatamodeld */ = {
			isa = XCVersionGroup;
			children = (
				560C413C2451311B00588859 /* HabitMaker.xcdatamodel */,
			);
			currentVersion = 560C413C2451311B00588859 /* HabitMaker.xcdatamodel */;
			path = HabitMaker.xcdatamodeld;
			sourceTree = "<group>";
			versionGroupType = wrapper.xcdatamodel;
		};
/* End XCVersionGroup section */
	};
	rootObject = 56876E4124492CE70041EB5C /* Project object */;
}
